{
  "name": "OficinaIntegracao",
  "lockfileVersion": 3,
  "requires": true,
  "packages": {
    "": {
      "dependencies": {
        "lucide": "^0.546.0",
        "node": "^25.0.0",
        "tailwind-variants": "^3.1.1"
      }
    },
    "node_modules/lucide": {
      "version": "0.546.0",
      "resolved": "https://registry.npmjs.org/lucide/-/lucide-0.546.0.tgz",
      "integrity": "sha512-YJES3MM/naQS4wJ0JLzTY3anooqWw5iTsPCffHbSMncdxJT2C5tmkCDAwIHMHG8TMtaQcu40KREMPss2qH/+yA==",
      "license": "ISC"
    },
    "node_modules/node": {
      "version": "25.0.0",
      "resolved": "https://registry.npmjs.org/node/-/node-25.0.0.tgz",
      "integrity": "sha512-ANfM7zVW8sGj1yxSKSsBE41ZfRAdbsCMMNjbXc/LhsuItMCD9b3Luv/En6YUf4Dg/zZB9xdzunNKgjk7HIrnGQ==",
      "hasInstallScript": true,
      "license": "MIT",
      "dependencies": {
        "node-bin-setup": "^1.0.0"
      },
      "bin": {
        "node": "bin/node"
      },
      "engines": {
        "npm": ">=5.0.0"
      }
    },
    "node_modules/node-bin-setup": {
      "version": "1.1.4",
      "resolved": "https://registry.npmjs.org/node-bin-setup/-/node-bin-setup-1.1.4.tgz",
      "integrity": "sha512-vWNHOne0ZUavArqPP5LJta50+S8R261Fr5SvGul37HbEDcowvLjwdvd0ZeSr0r2lTSrPxl6okq9QUw8BFGiAxA==",
      "license": "ISC"
    },
    "node_modules/tailwind-variants": {
      "version": "3.1.1",
      "resolved": "https://registry.npmjs.org/tailwind-variants/-/tailwind-variants-3.1.1.tgz",
      "integrity": "sha512-ftLXe3krnqkMHsuBTEmaVUXYovXtPyTK7ckEfDRXS8PBZx0bAUas+A0jYxuKA5b8qg++wvQ3d2MQ7l/xeZxbZQ==",
      "license": "MIT",
      "engines": {
        "node": ">=16.x",
        "pnpm": ">=7.x"
      },
      "peerDependencies": {
        "tailwind-merge": ">=3.0.0",
        "tailwindcss": "*"
      },
      "peerDependenciesMeta": {
        "tailwind-merge": {
          "optional": true
        }
      }
    },
    "node_modules/tailwindcss": {
      "version": "4.1.15",
      "resolved": "https://registry.npmjs.org/tailwindcss/-/tailwindcss-4.1.15.tgz",
      "integrity": "sha512-k2WLnWkYFkdpRv+Oby3EBXIyQC8/s1HOFMBUViwtAh6Z5uAozeUSMQlIsn/c6Q2iJzqG6aJT3wdPaRNj70iYxQ==",
      "license": "MIT",
      "peer": true
    }
  }
}
